{
  "nodes": {
    "darwin": {
      "inputs": {
        "nixpkgs": [
          "nixpkgs"
        ]
      },
      "locked": {
        "lastModified": 1634994402,
        "narHash": "sha256-xmlCVVOYGpZoxgOqsDOVF0B0ASrnbNGVAEzID9qh2xo=",
        "owner": "yshym",
        "repo": "nix-darwin",
        "rev": "44da835ac40dab5fd231298b59d83487382d2fab",
        "type": "github"
      },
      "original": {
        "owner": "yshym",
        "ref": "master",
        "repo": "nix-darwin",
        "type": "github"
      }
    },
    "emacs-overlay": {
      "locked": {
        "lastModified": 1646818969,
        "narHash": "sha256-35Ymee1xFKYgGSvpteI0ZT+Fc8qPygYleCy3vyeXj2w=",
        "owner": "yshym",
        "repo": "emacs-overlay",
        "rev": "55a555f10b76f1e632a429dc6b9d10b81fa86023",
        "type": "github"
      },
      "original": {
        "owner": "yshym",
        "repo": "emacs-overlay",
        "type": "github"
      }
    },
    "flake-utils": {
      "locked": {
        "lastModified": 1644229661,
        "narHash": "sha256-1YdnJAsNy69bpcjuoKdOYQX0YxZBiCYZo4Twxerqv7k=",
        "owner": "numtide",
        "repo": "flake-utils",
        "rev": "3cecb5b042f7f209c56ffd8371b2711a290ec797",
        "type": "github"
      },
      "original": {
        "owner": "numtide",
        "repo": "flake-utils",
        "type": "github"
      }
    },
    "home-manager": {
      "inputs": {
        "nixpkgs": [
          "nixpkgs"
        ]
      },
      "locked": {
        "lastModified": 1643933536,
        "narHash": "sha256-yRmsWAG4DnLxLIUtlaZsl0kH7rN5xSoyNRlf0YZrcH4=",
        "owner": "yshym",
        "repo": "home-manager",
        "rev": "2860d7e3bb350f18f7477858f3513f9798896831",
        "type": "github"
      },
      "original": {
        "owner": "yshym",
        "ref": "release-21.11",
        "repo": "home-manager",
        "type": "github"
      }
    },
    "nixos": {
      "locked": {
        "lastModified": 1646588256,
        "narHash": "sha256-ZHljmNlt19nSm0Mz8fx6QEhddKUkU4hhwFmfNmGn+EY=",
        "owner": "yshym",
        "repo": "nixpkgs",
        "rev": "2ebb6c1e5ae402ba35cca5eec58385e5f1adea04",
        "type": "github"
      },
      "original": {
        "owner": "yshym",
        "ref": "nixos-21.11",
        "repo": "nixpkgs",
        "type": "github"
      }
    },
    "nixpkgs": {
      "locked": {
        "lastModified": 1645488570,
        "narHash": "sha256-29Fvczhd20K3ol0wbQrFlsUiYUDoGnpOR2XJTdrRnZA=",
        "owner": "yshym",
        "repo": "nixpkgs",
        "rev": "491ad20776074706da6befe0cb8334f2df23fc00",
        "type": "github"
      },
      "original": {
        "owner": "yshym",
        "ref": "release-21.11",
        "repo": "nixpkgs",
        "type": "github"
      }
    },
    "nixpkgs-unstable": {
      "locked": {
        "lastModified": 1646252687,
        "narHash": "sha256-SAGBkFBGWoLjkkCh+tx0cLbQujK8O7cq2rWabGVpZQ8=",
        "owner": "yshym",
        "repo": "nixpkgs",
        "rev": "500039fad54b35e09d7dd36c74b578b08854ac90",
        "type": "github"
      },
      "original": {
        "owner": "yshym",
        "ref": "nixpkgs-unstable",
        "repo": "nixpkgs",
        "type": "github"
      }
    },
    "root": {
      "inputs": {
        "darwin": "darwin",
        "emacs-overlay": "emacs-overlay",
        "flake-utils": "flake-utils",
        "home-manager": "home-manager",
        "nixos": "nixos",
        "nixpkgs": "nixpkgs",
        "nixpkgs-unstable": "nixpkgs-unstable"
      }
    }
  },
  "root": "root",
  "version": 7
}
