{
  "nodes": {
    "darwin": {
      "inputs": {
        "nixpkgs": [
          "nixpkgs"
        ]
      },
      "locked": {
        "lastModified": 1634994402,
        "narHash": "sha256-xmlCVVOYGpZoxgOqsDOVF0B0ASrnbNGVAEzID9qh2xo=",
        "owner": "yevhenshymotiuk",
        "repo": "nix-darwin",
        "rev": "44da835ac40dab5fd231298b59d83487382d2fab",
        "type": "github"
      },
      "original": {
        "owner": "yevhenshymotiuk",
        "ref": "master",
        "repo": "nix-darwin",
        "type": "github"
      }
    },
    "home-manager": {
      "inputs": {
        "nixpkgs": [
          "nixpkgs"
        ]
      },
      "locked": {
        "lastModified": 1637088670,
        "narHash": "sha256-d49wUICXl1iItqvk0lbMwjpUbro86mBrV6876C+SLcA=",
        "owner": "yevhenshymotiuk",
        "repo": "home-manager",
        "rev": "5559ef002306dde0093f3d329725259cada9ed41",
        "type": "github"
      },
      "original": {
        "owner": "yevhenshymotiuk",
        "ref": "master",
        "repo": "home-manager",
        "type": "github"
      }
    },
    "nixos": {
      "locked": {
        "lastModified": 1636976544,
        "narHash": "sha256-9ZmdyoRz4Qu8bP5BKR1T10YbzcB9nvCeQjOEw2cRKR0=",
        "owner": "yevhenshymotiuk",
        "repo": "nixpkgs",
        "rev": "931ab058daa7e4cd539533963f95e2bb0dbd41e6",
        "type": "github"
      },
      "original": {
        "owner": "yevhenshymotiuk",
        "ref": "nixos-unstable",
        "repo": "nixpkgs",
        "type": "github"
      }
    },
    "nixpkgs": {
      "locked": {
        "lastModified": 1637158049,
        "narHash": "sha256-3oo7DeNf9xMwceaD05PwzOqpc520pdhVXGwvmXGU6W8=",
        "owner": "yevhenshymotiuk",
        "repo": "nixpkgs",
        "rev": "00e3da7b3869af64873cf9bd78ebb1aaa5079f86",
        "type": "github"
      },
      "original": {
        "owner": "yevhenshymotiuk",
        "ref": "nixpkgs-unstable",
        "repo": "nixpkgs",
        "type": "github"
      }
    },
    "root": {
      "inputs": {
        "darwin": "darwin",
        "home-manager": "home-manager",
        "nixos": "nixos",
        "nixpkgs": "nixpkgs"
      }
    }
  },
  "root": "root",
  "version": 7
}
