{
  "nodes": {
    "darwin": {
      "inputs": {
        "nixpkgs": [
          "nixpkgs"
        ]
      },
      "locked": {
        "lastModified": 1634994402,
        "narHash": "sha256-xmlCVVOYGpZoxgOqsDOVF0B0ASrnbNGVAEzID9qh2xo=",
        "owner": "yshym",
        "repo": "nix-darwin",
        "rev": "44da835ac40dab5fd231298b59d83487382d2fab",
        "type": "github"
      },
      "original": {
        "owner": "yshym",
        "ref": "master",
        "repo": "nix-darwin",
        "type": "github"
      }
    },
    "emacs-overlay": {
      "locked": {
        "lastModified": 1646818969,
        "narHash": "sha256-35Ymee1xFKYgGSvpteI0ZT+Fc8qPygYleCy3vyeXj2w=",
        "owner": "yshym",
        "repo": "emacs-overlay",
        "rev": "55a555f10b76f1e632a429dc6b9d10b81fa86023",
        "type": "github"
      },
      "original": {
        "owner": "yshym",
        "repo": "emacs-overlay",
        "type": "github"
      }
    },
    "flake-utils": {
      "locked": {
        "lastModified": 1644229661,
        "narHash": "sha256-1YdnJAsNy69bpcjuoKdOYQX0YxZBiCYZo4Twxerqv7k=",
        "owner": "numtide",
        "repo": "flake-utils",
        "rev": "3cecb5b042f7f209c56ffd8371b2711a290ec797",
        "type": "github"
      },
      "original": {
        "owner": "numtide",
        "repo": "flake-utils",
        "type": "github"
      }
    },
    "home-manager": {
      "inputs": {
        "nixpkgs": [
          "nixpkgs"
        ]
      },
      "locked": {
        "lastModified": 1643933536,
        "narHash": "sha256-yRmsWAG4DnLxLIUtlaZsl0kH7rN5xSoyNRlf0YZrcH4=",
        "owner": "yshym",
        "repo": "home-manager",
        "rev": "2860d7e3bb350f18f7477858f3513f9798896831",
        "type": "github"
      },
      "original": {
        "owner": "yshym",
        "ref": "release-21.11",
        "repo": "home-manager",
        "type": "github"
      }
    },
    "nixos": {
      "locked": {
        "lastModified": 1648648646,
        "narHash": "sha256-pHAq/GvsP7zRHkUTCs+4d31C0IEtTIuC6/TFASIA+zg=",
        "owner": "yshym",
        "repo": "nixpkgs",
        "rev": "efea022d6fe0da84aa6613d4ddeafb80de713457",
        "type": "github"
      },
      "original": {
        "owner": "yshym",
        "ref": "nixos-21.11",
        "repo": "nixpkgs",
        "type": "github"
      }
    },
    "nixos-hardware": {
      "locked": {
        "lastModified": 1646825982,
        "narHash": "sha256-uWvS4UFkdE4Iqk1pXhxkZqPsqI+Z2V9VRmLxGUFejbY=",
        "owner": "NixOS",
        "repo": "nixos-hardware",
        "rev": "816a935bf5aa5f77cb1f03ebfe20ab13b112d0f1",
        "type": "github"
      },
      "original": {
        "id": "nixos-hardware",
        "ref": "master",
        "type": "indirect"
      }
    },
    "nixpkgs": {
      "locked": {
        "lastModified": 1648744337,
        "narHash": "sha256-bYe1dFJAXovjqiaPKrmAbSBEK5KUkgwVaZcTbSoJ7hg=",
        "owner": "yshym",
        "repo": "nixpkgs",
        "rev": "0a58eebd8ec65ffdef2ce9562784123a73922052",
        "type": "github"
      },
      "original": {
        "owner": "yshym",
        "ref": "release-21.11",
        "repo": "nixpkgs",
        "type": "github"
      }
    },
    "nixpkgs-tdesktop": {
      "locked": {
        "lastModified": 1647064677,
        "narHash": "sha256-t7vJ1pus17rPUsQlIIkiVDsFnoHnVOs9KimgfHAppEg=",
        "owner": "yshym",
        "repo": "nixpkgs",
        "rev": "12769bc7e1098fc781f70c40f62c55d4673329fa",
        "type": "github"
      },
      "original": {
        "owner": "yshym",
        "repo": "nixpkgs",
        "rev": "12769bc7e1098fc781f70c40f62c55d4673329fa",
        "type": "github"
      }
    },
    "nixpkgs-unstable": {
      "locked": {
        "lastModified": 1649345051,
        "narHash": "sha256-ckViQwQVP6ZYCtwds/9BoJJjPJUpvqzyIuL74TPX1Bk=",
        "owner": "yshym",
        "repo": "nixpkgs",
        "rev": "5befbd7833a44db49e2f372127a379a8830faa2a",
        "type": "github"
      },
      "original": {
        "owner": "yshym",
        "ref": "nixpkgs-unstable",
        "repo": "nixpkgs",
        "type": "github"
      }
    },
    "root": {
      "inputs": {
        "darwin": "darwin",
        "emacs-overlay": "emacs-overlay",
        "flake-utils": "flake-utils",
        "home-manager": "home-manager",
        "nixos": "nixos",
        "nixos-hardware": "nixos-hardware",
        "nixpkgs": "nixpkgs",
        "nixpkgs-tdesktop": "nixpkgs-tdesktop",
        "nixpkgs-unstable": "nixpkgs-unstable"
      }
    }
  },
  "root": "root",
  "version": 7
}
